
Microsoft Visual Studio Solution File, Format Version 12.00
# Visual Studio Version 16
VisualStudioVersion = 16.0.33529.622
MinimumVisualStudioVersion = 10.0.40219.1
Project("{FAE04EC0-301F-11D3-BF4B-00C04F79EFBC}") = "ExtraOefeningRijksRegisterNummer", "ExtraOefeningRijksRegisterNummer\ExtraOefeningRijksRegisterNummer.csproj", "{71464D8E-EE6F-4CD5-B8ED-EAE45AAF1AF2}"
EndProject
Global
	GlobalSection(SolutionConfigurationPlatforms) = preSolution
		Debug|Any CPU = Debug|Any CPU
		Release|Any CPU = Release|Any CPU
	EndGlobalSection
	GlobalSection(ProjectConfigurationPlatforms) = postSolution
		{71464D8E-EE6F-4CD5-B8ED-EAE45AAF1AF2}.Debug|Any CPU.ActiveCfg = Debug|Any CPU
		{71464D8E-EE6F-4CD5-B8ED-EAE45AAF1AF2}.Debug|Any CPU.Build.0 = Debug|Any CPU
		{71464D8E-EE6F-4CD5-B8ED-EAE45AAF1AF2}.Release|Any CPU.ActiveCfg = Release|Any CPU
		{71464D8E-EE6F-4CD5-B8ED-EAE45AAF1AF2}.Release|Any CPU.Build.0 = Release|Any CPU
	EndGlobalSection
	GlobalSection(SolutionProperties) = preSolution
		HideSolutionNode = FALSE
	EndGlobalSection
	GlobalSection(ExtensibilityGlobals) = postSolution
		SolutionGuid = {C0C7966E-BEC8-4F01-895A-D7381C76B78E}
	EndGlobalSection
EndGlobal
